
Microsoft Visual Studio Solution File, Format Version 12.00
# Visual Studio Version 16
VisualStudioVersion = 16.0.31829.152
MinimumVisualStudioVersion = 10.0.40219.1
Project("{9A19103F-16F7-4668-BE54-9A1E7A4F7556}") = "69A", "69A\69A.csproj", "{C333AA1C-6A01-4CFB-9960-2737F5644C13}"
EndProject
Project("{9A19103F-16F7-4668-BE54-9A1E7A4F7556}") = "263A", "263A\263A.csproj", "{58D1B4AC-B179-4D9F-B32F-6D6FB53798AD}"
EndProject
Project("{9A19103F-16F7-4668-BE54-9A1E7A4F7556}") = "266B", "266B\266B.csproj", "{3A838EFB-B5A9-4C94-B8EA-D1697E17102C}"
EndProject
Project("{FAE04EC0-301F-11D3-BF4B-00C04F79EFBC}") = "32B", "32B\32B.csproj", "{82E46981-4730-41A8-B06F-BC4A287DCCF4}"
EndProject
Project("{FAE04EC0-301F-11D3-BF4B-00C04F79EFBC}") = "271A", "271A\271A.csproj", "{14013AD7-EC1D-4556-8A03-1AA25657EA83}"
EndProject
Global
	GlobalSection(SolutionConfigurationPlatforms) = preSolution
		Debug|Any CPU = Debug|Any CPU
		Release|Any CPU = Release|Any CPU
	EndGlobalSection
	GlobalSection(ProjectConfigurationPlatforms) = postSolution
		{C333AA1C-6A01-4CFB-9960-2737F5644C13}.Debug|Any CPU.ActiveCfg = Debug|Any CPU
		{C333AA1C-6A01-4CFB-9960-2737F5644C13}.Debug|Any CPU.Build.0 = Debug|Any CPU
		{C333AA1C-6A01-4CFB-9960-2737F5644C13}.Release|Any CPU.ActiveCfg = Release|Any CPU
		{C333AA1C-6A01-4CFB-9960-2737F5644C13}.Release|Any CPU.Build.0 = Release|Any CPU
		{58D1B4AC-B179-4D9F-B32F-6D6FB53798AD}.Debug|Any CPU.ActiveCfg = Debug|Any CPU
		{58D1B4AC-B179-4D9F-B32F-6D6FB53798AD}.Debug|Any CPU.Build.0 = Debug|Any CPU
		{58D1B4AC-B179-4D9F-B32F-6D6FB53798AD}.Release|Any CPU.ActiveCfg = Release|Any CPU
		{58D1B4AC-B179-4D9F-B32F-6D6FB53798AD}.Release|Any CPU.Build.0 = Release|Any CPU
		{3A838EFB-B5A9-4C94-B8EA-D1697E17102C}.Debug|Any CPU.ActiveCfg = Debug|Any CPU
		{3A838EFB-B5A9-4C94-B8EA-D1697E17102C}.Debug|Any CPU.Build.0 = Debug|Any CPU
		{3A838EFB-B5A9-4C94-B8EA-D1697E17102C}.Release|Any CPU.ActiveCfg = Release|Any CPU
		{3A838EFB-B5A9-4C94-B8EA-D1697E17102C}.Release|Any CPU.Build.0 = Release|Any CPU
		{82E46981-4730-41A8-B06F-BC4A287DCCF4}.Debug|Any CPU.ActiveCfg = Debug|Any CPU
		{82E46981-4730-41A8-B06F-BC4A287DCCF4}.Debug|Any CPU.Build.0 = Debug|Any CPU
		{82E46981-4730-41A8-B06F-BC4A287DCCF4}.Release|Any CPU.ActiveCfg = Release|Any CPU
		{82E46981-4730-41A8-B06F-BC4A287DCCF4}.Release|Any CPU.Build.0 = Release|Any CPU
		{14013AD7-EC1D-4556-8A03-1AA25657EA83}.Debug|Any CPU.ActiveCfg = Debug|Any CPU
		{14013AD7-EC1D-4556-8A03-1AA25657EA83}.Debug|Any CPU.Build.0 = Debug|Any CPU
		{14013AD7-EC1D-4556-8A03-1AA25657EA83}.Release|Any CPU.ActiveCfg = Release|Any CPU
		{14013AD7-EC1D-4556-8A03-1AA25657EA83}.Release|Any CPU.Build.0 = Release|Any CPU
	EndGlobalSection
	GlobalSection(SolutionProperties) = preSolution
		HideSolutionNode = FALSE
	EndGlobalSection
	GlobalSection(ExtensibilityGlobals) = postSolution
		SolutionGuid = {1069AFB4-8E45-4F55-A484-578A69FCE126}
	EndGlobalSection
EndGlobal
